// !$*UTF8*$!
{
	archiveVersion = 1;
	classes = {
	};
	objectVersion = 46;
	objects = {

/* Begin PBXBuildFile section */
		41520B6113A25981006CE4A7 /* MonkeyWindow.xib in Resources */ = {isa = PBXBuildFile; fileRef = 41520B6013A25981006CE4A7 /* MonkeyWindow.xib */; };
		41520B6413A259C8006CE4A7 /* MonkeyGLView.m in Sources */ = {isa = PBXBuildFile; fileRef = 41520B6313A259C8006CE4A7 /* MonkeyGLView.m */; };
		41520B6713A25B72006CE4A7 /* GLString.m in Sources */ = {isa = PBXBuildFile; fileRef = 41520B6513A25B72006CE4A7 /* GLString.m */; };
		41520B6B13A25BB3006CE4A7 /* GLCheck.c in Sources */ = {isa = PBXBuildFile; fileRef = 41520B6A13A25BB3006CE4A7 /* GLCheck.c */; };
		41520B6E13A25BD7006CE4A7 /* trackball.c in Sources */ = {isa = PBXBuildFile; fileRef = 41520B6D13A25BD7006CE4A7 /* trackball.c */; };
		41520B7113A25BF6006CE4A7 /* drawInfo.m in Sources */ = {isa = PBXBuildFile; fileRef = 41520B6F13A25BF6006CE4A7 /* drawInfo.m */; };
		419DCE0913A133B3004E8464 /* Cocoa.framework in Frameworks */ = {isa = PBXBuildFile; fileRef = 419DCE0813A133B3004E8464 /* Cocoa.framework */; };
		419DCE1313A133B3004E8464 /* InfoPlist.strings in Resources */ = {isa = PBXBuildFile; fileRef = 419DCE1113A133B3004E8464 /* InfoPlist.strings */; };
		419DCE1513A133B3004E8464 /* main.m in Sources */ = {isa = PBXBuildFile; fileRef = 419DCE1413A133B3004E8464 /* main.m */; };
		419DCE1913A133B3004E8464 /* Credits.rtf in Resources */ = {isa = PBXBuildFile; fileRef = 419DCE1713A133B3004E8464 /* Credits.rtf */; };
		419DCE1C13A133B3004E8464 /* binocleanAppDelegate.m in Sources */ = {isa = PBXBuildFile; fileRef = 419DCE1B13A133B3004E8464 /* binocleanAppDelegate.m */; };
		419DCE1F13A133B3004E8464 /* MainMenu.xib in Resources */ = {isa = PBXBuildFile; fileRef = 419DCE1D13A133B3004E8464 /* MainMenu.xib */; };
		419DCE2713A133B3004E8464 /* SenTestingKit.framework in Frameworks */ = {isa = PBXBuildFile; fileRef = 419DCE2613A133B3004E8464 /* SenTestingKit.framework */; };
		419DCE2813A133B3004E8464 /* Cocoa.framework in Frameworks */ = {isa = PBXBuildFile; fileRef = 419DCE0813A133B3004E8464 /* Cocoa.framework */; };
		419DCE3013A133B3004E8464 /* InfoPlist.strings in Resources */ = {isa = PBXBuildFile; fileRef = 419DCE2E13A133B3004E8464 /* InfoPlist.strings */; };
		419DCE3213A133B3004E8464 /* binocleanTests.h in Resources */ = {isa = PBXBuildFile; fileRef = 419DCE3113A133B3004E8464 /* binocleanTests.h */; };
		419DCE3413A133B3004E8464 /* binocleanTests.m in Sources */ = {isa = PBXBuildFile; fileRef = 419DCE3313A133B3004E8464 /* binocleanTests.m */; };
		419DCE4613A145D1004E8464 /* Foundation.framework in Frameworks */ = {isa = PBXBuildFile; fileRef = 419DCE0D13A133B3004E8464 /* Foundation.framework */; };
		41A8ED2613AA832F00C9EAAC /* nidaqmxbase in Frameworks */ = {isa = PBXBuildFile; fileRef = 41A8ED2513AA832F00C9EAAC /* nidaqmxbase */; };
		41AA181E13AA71D7009AC8E2 /* ni_dio.c in Sources */ = {isa = PBXBuildFile; fileRef = 41AA181D13AA71D7009AC8E2 /* ni_dio.c */; };
		41AA182B13AA7C5E009AC8E2 /* nidaqmxbaselv in Frameworks */ = {isa = PBXBuildFile; fileRef = 41AA182A13AA7C5E009AC8E2 /* nidaqmxbaselv */; };
		41BF8E1E13A174FE00C8B6BA /* expop.c in Sources */ = {isa = PBXBuildFile; fileRef = 41BF8DEB13A174FE00C8B6BA /* expop.c */; };
		41BF8E1F13A174FE00C8B6BA /* binoc.c in Sources */ = {isa = PBXBuildFile; fileRef = 41BF8DEC13A174FE00C8B6BA /* binoc.c */; };
		41BF8E2013A174FE00C8B6BA /* xrand.c in Sources */ = {isa = PBXBuildFile; fileRef = 41BF8DED13A174FE00C8B6BA /* xrand.c */; };
		41BF8E2113A174FE00C8B6BA /* wurtz.c in Sources */ = {isa = PBXBuildFile; fileRef = 41BF8DEE13A174FE00C8B6BA /* wurtz.c */; };
		41BF8E2213A174FE00C8B6BA /* stimulus.c in Sources */ = {isa = PBXBuildFile; fileRef = 41BF8DEF13A174FE00C8B6BA /* stimulus.c */; };
		41BF8E2313A174FE00C8B6BA /* stepper.c in Sources */ = {isa = PBXBuildFile; fileRef = 41BF8DF013A174FE00C8B6BA /* stepper.c */; };
		41BF8E2413A174FE00C8B6BA /* stairpop.c in Sources */ = {isa = PBXBuildFile; fileRef = 41BF8DF113A174FE00C8B6BA /* stairpop.c */; };
		41BF8E2513A174FE00C8B6BA /* do_twobar.c in Sources */ = {isa = PBXBuildFile; fileRef = 41BF8DF213A174FE00C8B6BA /* do_twobar.c */; };
		41BF8E2613A174FE00C8B6BA /* do_sqcorrug.c in Sources */ = {isa = PBXBuildFile; fileRef = 41BF8DF313A174FE00C8B6BA /* do_sqcorrug.c */; };
		41BF8E2713A174FE00C8B6BA /* do_sq.c in Sources */ = {isa = PBXBuildFile; fileRef = 41BF8DF413A174FE00C8B6BA /* do_sq.c */; };
		41BF8E2813A174FE00C8B6BA /* do_sine.c in Sources */ = {isa = PBXBuildFile; fileRef = 41BF8DF513A174FE00C8B6BA /* do_sine.c */; };
		41BF8E2913A174FE00C8B6BA /* do_rls.c in Sources */ = {isa = PBXBuildFile; fileRef = 41BF8DF613A174FE00C8B6BA /* do_rls.c */; };
		41BF8E2A13A174FE00C8B6BA /* do_rds.c in Sources */ = {isa = PBXBuildFile; fileRef = 41BF8DF713A174FE00C8B6BA /* do_rds.c */; };
		41BF8E2B13A174FE00C8B6BA /* do_radial.c in Sources */ = {isa = PBXBuildFile; fileRef = 41BF8DF813A174FE00C8B6BA /* do_radial.c */; };
		41BF8E2C13A174FE00C8B6BA /* do_probe.c in Sources */ = {isa = PBXBuildFile; fileRef = 41BF8DF913A174FE00C8B6BA /* do_probe.c */; };
		41BF8E2D13A174FE00C8B6BA /* do_gabor.c in Sources */ = {isa = PBXBuildFile; fileRef = 41BF8DFA13A174FE00C8B6BA /* do_gabor.c */; };
		41BF8E2E13A174FE00C8B6BA /* do_cyl.c in Sources */ = {isa = PBXBuildFile; fileRef = 41BF8DFB13A174FE00C8B6BA /* do_cyl.c */; };
		41BF8E2F13A174FE00C8B6BA /* do_corrug.c in Sources */ = {isa = PBXBuildFile; fileRef = 41BF8DFC13A174FE00C8B6BA /* do_corrug.c */; };
		41BF8E3013A174FE00C8B6BA /* do_bar.c in Sources */ = {isa = PBXBuildFile; fileRef = 41BF8DFD13A174FE00C8B6BA /* do_bar.c */; };
		41BF8E3113A174FE00C8B6BA /* bw_io.c in Sources */ = {isa = PBXBuildFile; fileRef = 41BF8DFE13A174FE00C8B6BA /* bw_io.c */; };
		41BF8E3213A174FE00C8B6BA /* do_test.c in Sources */ = {isa = PBXBuildFile; fileRef = 41BF8DFF13A174FE00C8B6BA /* do_test.c */; };
		41BF8E3313A174FE00C8B6BA /* do_image.c in Sources */ = {isa = PBXBuildFile; fileRef = 41BF8E0013A174FE00C8B6BA /* do_image.c */; };
		41BF8E3413A174FE00C8B6BA /* cyber.c in Sources */ = {isa = PBXBuildFile; fileRef = 41BF8E0113A174FE00C8B6BA /* cyber.c */; };
		41BF8E3613A174FE00C8B6BA /* confirm.c in Sources */ = {isa = PBXBuildFile; fileRef = 41BF8E0413A174FE00C8B6BA /* confirm.c */; };
		41BF8E3713A174FE00C8B6BA /* miscw.c in Sources */ = {isa = PBXBuildFile; fileRef = 41BF8E0513A174FE00C8B6BA /* miscw.c */; };
		41BF8E3813A174FE00C8B6BA /* useenv.c in Sources */ = {isa = PBXBuildFile; fileRef = 41BF8E0C13A174FE00C8B6BA /* useenv.c */; };
		41BF8E3913A174FE00C8B6BA /* glx.c in Sources */ = {isa = PBXBuildFile; fileRef = 41BF8E0D13A174FE00C8B6BA /* glx.c */; };
		41BF8E3A13A174FE00C8B6BA /* myscopy.c in Sources */ = {isa = PBXBuildFile; fileRef = 41BF8E0E13A174FE00C8B6BA /* myscopy.c */; };
		41BF8E3B13A174FE00C8B6BA /* serial.c in Sources */ = {isa = PBXBuildFile; fileRef = 41BF8E0F13A174FE00C8B6BA /* serial.c */; };
		41BF8E3C13A174FE00C8B6BA /* stair.c in Sources */ = {isa = PBXBuildFile; fileRef = 41BF8E1913A174FE00C8B6BA /* stair.c */; };
		41BF8E3D13A174FE00C8B6BA /* misc.c in Sources */ = {isa = PBXBuildFile; fileRef = 41BF8E1B13A174FE00C8B6BA /* misc.c */; };
		41BF8E3E13A174FE00C8B6BA /* myfree.c in Sources */ = {isa = PBXBuildFile; fileRef = 41BF8E1D13A174FE00C8B6BA /* myfree.c */; };
		41BF8E4013A1753B00C8B6BA /* OpenGL.framework in Frameworks */ = {isa = PBXBuildFile; fileRef = 41BF8E3F13A1753B00C8B6BA /* OpenGL.framework */; };
/* End PBXBuildFile section */

/* Begin PBXContainerItemProxy section */
		419DCE2913A133B3004E8464 /* PBXContainerItemProxy */ = {
			isa = PBXContainerItemProxy;
			containerPortal = 419DCDFB13A133B2004E8464 /* Project object */;
			proxyType = 1;
			remoteGlobalIDString = 419DCE0313A133B3004E8464;
			remoteInfo = binoclean;
		};
/* End PBXContainerItemProxy section */

/* Begin PBXFileReference section */
		41520B6013A25981006CE4A7 /* MonkeyWindow.xib */ = {isa = PBXFileReference; fileEncoding = 4; lastKnownFileType = file.xib; path = MonkeyWindow.xib; sourceTree = "<group>"; };
		41520B6213A259C7006CE4A7 /* MonkeyGLView.h */ = {isa = PBXFileReference; fileEncoding = 4; lastKnownFileType = sourcecode.c.h; path = MonkeyGLView.h; sourceTree = "<group>"; };
		41520B6313A259C8006CE4A7 /* MonkeyGLView.m */ = {isa = PBXFileReference; fileEncoding = 4; lastKnownFileType = sourcecode.c.objc; path = MonkeyGLView.m; sourceTree = "<group>"; };
		41520B6513A25B72006CE4A7 /* GLString.m */ = {isa = PBXFileReference; fileEncoding = 4; lastKnownFileType = sourcecode.c.objc; path = GLString.m; sourceTree = "<group>"; };
		41520B6613A25B72006CE4A7 /* GLString.h */ = {isa = PBXFileReference; fileEncoding = 4; lastKnownFileType = sourcecode.c.h; path = GLString.h; sourceTree = "<group>"; };
		41520B6913A25BB3006CE4A7 /* GLCheck.h */ = {isa = PBXFileReference; fileEncoding = 4; lastKnownFileType = sourcecode.c.h; path = GLCheck.h; sourceTree = "<group>"; };
		41520B6A13A25BB3006CE4A7 /* GLCheck.c */ = {isa = PBXFileReference; fileEncoding = 4; lastKnownFileType = sourcecode.c.c; path = GLCheck.c; sourceTree = "<group>"; };
		41520B6C13A25BD7006CE4A7 /* trackball.h */ = {isa = PBXFileReference; fileEncoding = 4; lastKnownFileType = sourcecode.c.h; path = trackball.h; sourceTree = "<group>"; };
		41520B6D13A25BD7006CE4A7 /* trackball.c */ = {isa = PBXFileReference; fileEncoding = 4; lastKnownFileType = sourcecode.c.c; path = trackball.c; sourceTree = "<group>"; };
		41520B6F13A25BF6006CE4A7 /* drawInfo.m */ = {isa = PBXFileReference; fileEncoding = 4; lastKnownFileType = sourcecode.c.objc; path = drawInfo.m; sourceTree = "<group>"; };
		41520B7013A25BF6006CE4A7 /* drawInfo.h */ = {isa = PBXFileReference; fileEncoding = 4; lastKnownFileType = sourcecode.c.h; path = drawInfo.h; sourceTree = "<group>"; };
		419DCE0413A133B3004E8464 /* binoclean.app */ = {isa = PBXFileReference; explicitFileType = wrapper.application; includeInIndex = 0; path = binoclean.app; sourceTree = BUILT_PRODUCTS_DIR; };
		419DCE0813A133B3004E8464 /* Cocoa.framework */ = {isa = PBXFileReference; lastKnownFileType = wrapper.framework; name = Cocoa.framework; path = System/Library/Frameworks/Cocoa.framework; sourceTree = SDKROOT; };
		419DCE0B13A133B3004E8464 /* AppKit.framework */ = {isa = PBXFileReference; lastKnownFileType = wrapper.framework; name = AppKit.framework; path = System/Library/Frameworks/AppKit.framework; sourceTree = SDKROOT; };
		419DCE0C13A133B3004E8464 /* CoreData.framework */ = {isa = PBXFileReference; lastKnownFileType = wrapper.framework; name = CoreData.framework; path = System/Library/Frameworks/CoreData.framework; sourceTree = SDKROOT; };
		419DCE0D13A133B3004E8464 /* Foundation.framework */ = {isa = PBXFileReference; lastKnownFileType = wrapper.framework; name = Foundation.framework; path = System/Library/Frameworks/Foundation.framework; sourceTree = SDKROOT; };
		419DCE1013A133B3004E8464 /* binoclean-Info.plist */ = {isa = PBXFileReference; lastKnownFileType = text.plist.xml; path = "binoclean-Info.plist"; sourceTree = "<group>"; };
		419DCE1213A133B3004E8464 /* en */ = {isa = PBXFileReference; lastKnownFileType = text.plist.strings; name = en; path = en.lproj/InfoPlist.strings; sourceTree = "<group>"; };
		419DCE1413A133B3004E8464 /* main.m */ = {isa = PBXFileReference; lastKnownFileType = sourcecode.c.objc; path = main.m; sourceTree = "<group>"; };
		419DCE1613A133B3004E8464 /* binoclean-Prefix.pch */ = {isa = PBXFileReference; lastKnownFileType = sourcecode.c.h; path = "binoclean-Prefix.pch"; sourceTree = "<group>"; };
		419DCE1813A133B3004E8464 /* en */ = {isa = PBXFileReference; lastKnownFileType = text.rtf; name = en; path = en.lproj/Credits.rtf; sourceTree = "<group>"; };
		419DCE1A13A133B3004E8464 /* binocleanAppDelegate.h */ = {isa = PBXFileReference; lastKnownFileType = sourcecode.c.h; lineEnding = 0; path = binocleanAppDelegate.h; sourceTree = "<group>"; xcLanguageSpecificationIdentifier = xcode.lang.objcpp; };
		419DCE1B13A133B3004E8464 /* binocleanAppDelegate.m */ = {isa = PBXFileReference; lastKnownFileType = sourcecode.c.objc; lineEnding = 0; path = binocleanAppDelegate.m; sourceTree = "<group>"; xcLanguageSpecificationIdentifier = xcode.lang.objc; };
		419DCE1E13A133B3004E8464 /* en */ = {isa = PBXFileReference; lastKnownFileType = file.xib; name = en; path = en.lproj/MainMenu.xib; sourceTree = "<group>"; };
		419DCE2513A133B3004E8464 /* binocleanTests.octest */ = {isa = PBXFileReference; explicitFileType = wrapper.cfbundle; includeInIndex = 0; path = binocleanTests.octest; sourceTree = BUILT_PRODUCTS_DIR; };
		419DCE2613A133B3004E8464 /* SenTestingKit.framework */ = {isa = PBXFileReference; lastKnownFileType = wrapper.framework; name = SenTestingKit.framework; path = Library/Frameworks/SenTestingKit.framework; sourceTree = DEVELOPER_DIR; };
		419DCE2D13A133B3004E8464 /* binocleanTests-Info.plist */ = {isa = PBXFileReference; lastKnownFileType = text.plist.xml; path = "binocleanTests-Info.plist"; sourceTree = "<group>"; };
		419DCE2F13A133B3004E8464 /* en */ = {isa = PBXFileReference; lastKnownFileType = text.plist.strings; name = en; path = en.lproj/InfoPlist.strings; sourceTree = "<group>"; };
		419DCE3113A133B3004E8464 /* binocleanTests.h */ = {isa = PBXFileReference; lastKnownFileType = sourcecode.c.h; path = binocleanTests.h; sourceTree = "<group>"; };
		419DCE3313A133B3004E8464 /* binocleanTests.m */ = {isa = PBXFileReference; lastKnownFileType = sourcecode.c.objc; path = binocleanTests.m; sourceTree = "<group>"; };
		41A8ED2513AA832F00C9EAAC /* nidaqmxbase */ = {isa = PBXFileReference; lastKnownFileType = "compiled.mach-o.objfile"; name = nidaqmxbase; path = /Library/Frameworks/nidaqmxbase.framework/Versions/3/nidaqmxbase; sourceTree = "<absolute>"; };
		41AA181D13AA71D7009AC8E2 /* ni_dio.c */ = {isa = PBXFileReference; fileEncoding = 4; lastKnownFileType = sourcecode.c.c; path = ni_dio.c; sourceTree = "<group>"; };
		41AA181F13AA7221009AC8E2 /* NIDAQmxBase.h */ = {isa = PBXFileReference; fileEncoding = 4; lastKnownFileType = sourcecode.c.h; path = NIDAQmxBase.h; sourceTree = "<group>"; };
		41AA182A13AA7C5E009AC8E2 /* nidaqmxbaselv */ = {isa = PBXFileReference; lastKnownFileType = "compiled.mach-o.dylib"; name = nidaqmxbaselv; path = /Library/Frameworks/nidaqmxbaselv.framework/Versions/A/nidaqmxbaselv; sourceTree = "<absolute>"; };
		41BF8DEB13A174FE00C8B6BA /* expop.c */ = {isa = PBXFileReference; fileEncoding = 4; lastKnownFileType = sourcecode.c.c; lineEnding = 0; path = expop.c; sourceTree = "<group>"; xcLanguageSpecificationIdentifier = xcode.lang.c; };
		41BF8DEC13A174FE00C8B6BA /* binoc.c */ = {isa = PBXFileReference; fileEncoding = 4; lastKnownFileType = sourcecode.c.c; lineEnding = 0; path = binoc.c; sourceTree = "<group>"; xcLanguageSpecificationIdentifier = xcode.lang.c; };
		41BF8DED13A174FE00C8B6BA /* xrand.c */ = {isa = PBXFileReference; fileEncoding = 4; lastKnownFileType = sourcecode.c.c; path = xrand.c; sourceTree = "<group>"; };
		41BF8DEE13A174FE00C8B6BA /* wurtz.c */ = {isa = PBXFileReference; fileEncoding = 4; lastKnownFileType = sourcecode.c.c; path = wurtz.c; sourceTree = "<group>"; };
		41BF8DEF13A174FE00C8B6BA /* stimulus.c */ = {isa = PBXFileReference; fileEncoding = 4; lastKnownFileType = sourcecode.c.c; path = stimulus.c; sourceTree = "<group>"; };
		41BF8DF013A174FE00C8B6BA /* stepper.c */ = {isa = PBXFileReference; fileEncoding = 4; lastKnownFileType = sourcecode.c.c; path = stepper.c; sourceTree = "<group>"; };
		41BF8DF113A174FE00C8B6BA /* stairpop.c */ = {isa = PBXFileReference; fileEncoding = 4; lastKnownFileType = sourcecode.c.c; path = stairpop.c; sourceTree = "<group>"; };
		41BF8DF213A174FE00C8B6BA /* do_twobar.c */ = {isa = PBXFileReference; fileEncoding = 4; lastKnownFileType = sourcecode.c.c; path = do_twobar.c; sourceTree = "<group>"; };
		41BF8DF313A174FE00C8B6BA /* do_sqcorrug.c */ = {isa = PBXFileReference; fileEncoding = 4; lastKnownFileType = sourcecode.c.c; path = do_sqcorrug.c; sourceTree = "<group>"; };
		41BF8DF413A174FE00C8B6BA /* do_sq.c */ = {isa = PBXFileReference; fileEncoding = 4; lastKnownFileType = sourcecode.c.c; path = do_sq.c; sourceTree = "<group>"; };
		41BF8DF513A174FE00C8B6BA /* do_sine.c */ = {isa = PBXFileReference; fileEncoding = 4; lastKnownFileType = sourcecode.c.c; path = do_sine.c; sourceTree = "<group>"; };
		41BF8DF613A174FE00C8B6BA /* do_rls.c */ = {isa = PBXFileReference; fileEncoding = 4; lastKnownFileType = sourcecode.c.c; path = do_rls.c; sourceTree = "<group>"; };
		41BF8DF713A174FE00C8B6BA /* do_rds.c */ = {isa = PBXFileReference; fileEncoding = 4; lastKnownFileType = sourcecode.c.c; path = do_rds.c; sourceTree = "<group>"; };
		41BF8DF813A174FE00C8B6BA /* do_radial.c */ = {isa = PBXFileReference; fileEncoding = 4; lastKnownFileType = sourcecode.c.c; path = do_radial.c; sourceTree = "<group>"; };
		41BF8DF913A174FE00C8B6BA /* do_probe.c */ = {isa = PBXFileReference; fileEncoding = 4; lastKnownFileType = sourcecode.c.c; path = do_probe.c; sourceTree = "<group>"; };
		41BF8DFA13A174FE00C8B6BA /* do_gabor.c */ = {isa = PBXFileReference; fileEncoding = 4; lastKnownFileType = sourcecode.c.c; path = do_gabor.c; sourceTree = "<group>"; };
		41BF8DFB13A174FE00C8B6BA /* do_cyl.c */ = {isa = PBXFileReference; fileEncoding = 4; lastKnownFileType = sourcecode.c.c; path = do_cyl.c; sourceTree = "<group>"; };
		41BF8DFC13A174FE00C8B6BA /* do_corrug.c */ = {isa = PBXFileReference; fileEncoding = 4; lastKnownFileType = sourcecode.c.c; path = do_corrug.c; sourceTree = "<group>"; };
		41BF8DFD13A174FE00C8B6BA /* do_bar.c */ = {isa = PBXFileReference; fileEncoding = 4; lastKnownFileType = sourcecode.c.c; path = do_bar.c; sourceTree = "<group>"; };
		41BF8DFE13A174FE00C8B6BA /* bw_io.c */ = {isa = PBXFileReference; fileEncoding = 4; lastKnownFileType = sourcecode.c.c; path = bw_io.c; sourceTree = "<group>"; };
		41BF8DFF13A174FE00C8B6BA /* do_test.c */ = {isa = PBXFileReference; fileEncoding = 4; lastKnownFileType = sourcecode.c.c; path = do_test.c; sourceTree = "<group>"; };
		41BF8E0013A174FE00C8B6BA /* do_image.c */ = {isa = PBXFileReference; fileEncoding = 4; lastKnownFileType = sourcecode.c.c; path = do_image.c; sourceTree = "<group>"; };
		41BF8E0113A174FE00C8B6BA /* cyber.c */ = {isa = PBXFileReference; fileEncoding = 4; lastKnownFileType = sourcecode.c.c; path = cyber.c; sourceTree = "<group>"; };
		41BF8E0313A174FE00C8B6BA /* sprotos.h */ = {isa = PBXFileReference; fileEncoding = 4; lastKnownFileType = sourcecode.c.h; lineEnding = 0; path = sprotos.h; sourceTree = "<group>"; xcLanguageSpecificationIdentifier = xcode.lang.objcpp; };
		41BF8E0413A174FE00C8B6BA /* confirm.c */ = {isa = PBXFileReference; fileEncoding = 4; lastKnownFileType = sourcecode.c.c; path = confirm.c; sourceTree = "<group>"; };
		41BF8E0513A174FE00C8B6BA /* miscw.c */ = {isa = PBXFileReference; fileEncoding = 4; lastKnownFileType = sourcecode.c.c; path = miscw.c; sourceTree = "<group>"; };
		41BF8E0613A174FE00C8B6BA /* miscw.h */ = {isa = PBXFileReference; fileEncoding = 4; lastKnownFileType = sourcecode.c.h; path = miscw.h; sourceTree = "<group>"; };
		41BF8E0713A174FE00C8B6BA /* myview.h */ = {isa = PBXFileReference; fileEncoding = 4; lastKnownFileType = sourcecode.c.h; path = myview.h; sourceTree = "<group>"; };
		41BF8E0813A174FE00C8B6BA /* xprotos.h */ = {isa = PBXFileReference; fileEncoding = 4; lastKnownFileType = sourcecode.c.h; path = xprotos.h; sourceTree = "<group>"; };
		41BF8E0913A174FE00C8B6BA /* stimdefs.h */ = {isa = PBXFileReference; fileEncoding = 4; lastKnownFileType = sourcecode.c.h; path = stimdefs.h; sourceTree = "<group>"; };
		41BF8E0A13A174FE00C8B6BA /* fpslider.h */ = {isa = PBXFileReference; fileEncoding = 4; lastKnownFileType = sourcecode.c.h; path = fpslider.h; sourceTree = "<group>"; };
		41BF8E0B13A174FE00C8B6BA /* commdefs.h */ = {isa = PBXFileReference; fileEncoding = 4; lastKnownFileType = sourcecode.c.h; path = commdefs.h; sourceTree = "<group>"; };
		41BF8E0C13A174FE00C8B6BA /* useenv.c */ = {isa = PBXFileReference; fileEncoding = 4; lastKnownFileType = sourcecode.c.c; path = useenv.c; sourceTree = "<group>"; };
		41BF8E0D13A174FE00C8B6BA /* glx.c */ = {isa = PBXFileReference; fileEncoding = 4; lastKnownFileType = sourcecode.c.c; lineEnding = 0; path = glx.c; sourceTree = "<group>"; xcLanguageSpecificationIdentifier = xcode.lang.c; };
		41BF8E0E13A174FE00C8B6BA /* myscopy.c */ = {isa = PBXFileReference; fileEncoding = 4; lastKnownFileType = sourcecode.c.c; path = myscopy.c; sourceTree = "<group>"; };
		41BF8E0F13A174FE00C8B6BA /* serial.c */ = {isa = PBXFileReference; fileEncoding = 4; lastKnownFileType = sourcecode.c.c; path = serial.c; sourceTree = "<group>"; };
		41BF8E1013A174FE00C8B6BA /* WinDefs.h */ = {isa = PBXFileReference; fileEncoding = 4; lastKnownFileType = sourcecode.c.h; path = WinDefs.h; sourceTree = "<group>"; };
		41BF8E1113A174FE00C8B6BA /* cmptime.h */ = {isa = PBXFileReference; fileEncoding = 4; lastKnownFileType = sourcecode.c.h; path = cmptime.h; sourceTree = "<group>"; };
		41BF8E1213A174FE00C8B6BA /* serial.h */ = {isa = PBXFileReference; fileEncoding = 4; lastKnownFileType = sourcecode.c.h; path = serial.h; sourceTree = "<group>"; };
		41BF8E1313A174FE00C8B6BA /* janti.h */ = {isa = PBXFileReference; fileEncoding = 4; lastKnownFileType = sourcecode.c.h; path = janti.h; sourceTree = "<group>"; };
		41BF8E1413A174FE00C8B6BA /* cyber.h */ = {isa = PBXFileReference; fileEncoding = 4; lastKnownFileType = sourcecode.c.h; path = cyber.h; sourceTree = "<group>"; };
		41BF8E1513A174FE00C8B6BA /* protos.h */ = {isa = PBXFileReference; fileEncoding = 4; lastKnownFileType = sourcecode.c.h; path = protos.h; sourceTree = "<group>"; };
		41BF8E1613A174FE00C8B6BA /* jonfront.h */ = {isa = PBXFileReference; fileEncoding = 4; lastKnownFileType = sourcecode.c.h; path = jonfront.h; sourceTree = "<group>"; };
		41BF8E1713A174FE00C8B6BA /* stimuli.h */ = {isa = PBXFileReference; fileEncoding = 4; lastKnownFileType = sourcecode.c.h; path = stimuli.h; sourceTree = "<group>"; };
		41BF8E1813A174FE00C8B6BA /* jondefs.h */ = {isa = PBXFileReference; fileEncoding = 4; lastKnownFileType = sourcecode.c.h; path = jondefs.h; sourceTree = "<group>"; };
		41BF8E1913A174FE00C8B6BA /* stair.c */ = {isa = PBXFileReference; fileEncoding = 4; lastKnownFileType = sourcecode.c.c; path = stair.c; sourceTree = "<group>"; };
		41BF8E1A13A174FE00C8B6BA /* mymath.h */ = {isa = PBXFileReference; fileEncoding = 4; lastKnownFileType = sourcecode.c.h; path = mymath.h; sourceTree = "<group>"; };
		41BF8E1B13A174FE00C8B6BA /* misc.c */ = {isa = PBXFileReference; fileEncoding = 4; lastKnownFileType = sourcecode.c.c; path = misc.c; sourceTree = "<group>"; };
		41BF8E1C13A174FE00C8B6BA /* misc.h */ = {isa = PBXFileReference; fileEncoding = 4; lastKnownFileType = sourcecode.c.h; path = misc.h; sourceTree = "<group>"; };
		41BF8E1D13A174FE00C8B6BA /* myfree.c */ = {isa = PBXFileReference; fileEncoding = 4; lastKnownFileType = sourcecode.c.c; path = myfree.c; sourceTree = "<group>"; };
		41BF8E3F13A1753B00C8B6BA /* OpenGL.framework */ = {isa = PBXFileReference; lastKnownFileType = wrapper.framework; name = OpenGL.framework; path = System/Library/Frameworks/OpenGL.framework; sourceTree = SDKROOT; };
/* End PBXFileReference section */

/* Begin PBXFrameworksBuildPhase section */
		419DCE0113A133B3004E8464 /* Frameworks */ = {
			isa = PBXFrameworksBuildPhase;
			buildActionMask = 2147483647;
			files = (
				41A8ED2613AA832F00C9EAAC /* nidaqmxbase in Frameworks */,
				41AA182B13AA7C5E009AC8E2 /* nidaqmxbaselv in Frameworks */,
				41BF8E4013A1753B00C8B6BA /* OpenGL.framework in Frameworks */,
				419DCE4613A145D1004E8464 /* Foundation.framework in Frameworks */,
				419DCE0913A133B3004E8464 /* Cocoa.framework in Frameworks */,
			);
			runOnlyForDeploymentPostprocessing = 0;
		};
		419DCE2113A133B3004E8464 /* Frameworks */ = {
			isa = PBXFrameworksBuildPhase;
			buildActionMask = 2147483647;
			files = (
				419DCE2713A133B3004E8464 /* SenTestingKit.framework in Frameworks */,
				419DCE2813A133B3004E8464 /* Cocoa.framework in Frameworks */,
			);
			runOnlyForDeploymentPostprocessing = 0;
		};
/* End PBXFrameworksBuildPhase section */

/* Begin PBXGroup section */
		41520B5F13A258F1006CE4A7 /* Binoc */ = {
			isa = PBXGroup;
			children = (
				41AA181F13AA7221009AC8E2 /* NIDAQmxBase.h */,
				41AA181D13AA71D7009AC8E2 /* ni_dio.c */,
				41BF8DEB13A174FE00C8B6BA /* expop.c */,
				41BF8DEC13A174FE00C8B6BA /* binoc.c */,
				41BF8DED13A174FE00C8B6BA /* xrand.c */,
				41BF8DEE13A174FE00C8B6BA /* wurtz.c */,
				41BF8DEF13A174FE00C8B6BA /* stimulus.c */,
				41BF8DF013A174FE00C8B6BA /* stepper.c */,
				41BF8DF113A174FE00C8B6BA /* stairpop.c */,
				41BF8DF213A174FE00C8B6BA /* do_twobar.c */,
				41BF8DF313A174FE00C8B6BA /* do_sqcorrug.c */,
				41BF8DF413A174FE00C8B6BA /* do_sq.c */,
				41BF8DF513A174FE00C8B6BA /* do_sine.c */,
				41BF8DF613A174FE00C8B6BA /* do_rls.c */,
				41BF8DF713A174FE00C8B6BA /* do_rds.c */,
				41BF8DF813A174FE00C8B6BA /* do_radial.c */,
				41BF8DF913A174FE00C8B6BA /* do_probe.c */,
				41BF8DFA13A174FE00C8B6BA /* do_gabor.c */,
				41BF8DFB13A174FE00C8B6BA /* do_cyl.c */,
				41BF8DFC13A174FE00C8B6BA /* do_corrug.c */,
				41BF8DFD13A174FE00C8B6BA /* do_bar.c */,
				41BF8DFE13A174FE00C8B6BA /* bw_io.c */,
				41BF8DFF13A174FE00C8B6BA /* do_test.c */,
				41BF8E0013A174FE00C8B6BA /* do_image.c */,
				41BF8E0113A174FE00C8B6BA /* cyber.c */,
				41BF8E0313A174FE00C8B6BA /* sprotos.h */,
				41BF8E0413A174FE00C8B6BA /* confirm.c */,
				41BF8E0513A174FE00C8B6BA /* miscw.c */,
				41BF8E0613A174FE00C8B6BA /* miscw.h */,
				41BF8E0713A174FE00C8B6BA /* myview.h */,
				41BF8E0813A174FE00C8B6BA /* xprotos.h */,
				41BF8E0913A174FE00C8B6BA /* stimdefs.h */,
				41BF8E0A13A174FE00C8B6BA /* fpslider.h */,
				41BF8E0B13A174FE00C8B6BA /* commdefs.h */,
				41BF8E0C13A174FE00C8B6BA /* useenv.c */,
				41BF8E0D13A174FE00C8B6BA /* glx.c */,
				41BF8E0E13A174FE00C8B6BA /* myscopy.c */,
				41BF8E0F13A174FE00C8B6BA /* serial.c */,
				41BF8E1013A174FE00C8B6BA /* WinDefs.h */,
				41BF8E1113A174FE00C8B6BA /* cmptime.h */,
				41BF8E1213A174FE00C8B6BA /* serial.h */,
				41BF8E1313A174FE00C8B6BA /* janti.h */,
				41BF8E1413A174FE00C8B6BA /* cyber.h */,
				41BF8E1513A174FE00C8B6BA /* protos.h */,
				41BF8E1613A174FE00C8B6BA /* jonfront.h */,
				41BF8E1713A174FE00C8B6BA /* stimuli.h */,
				41BF8E1813A174FE00C8B6BA /* jondefs.h */,
				41BF8E1913A174FE00C8B6BA /* stair.c */,
				41BF8E1A13A174FE00C8B6BA /* mymath.h */,
				41BF8E1B13A174FE00C8B6BA /* misc.c */,
				41BF8E1C13A174FE00C8B6BA /* misc.h */,
				41BF8E1D13A174FE00C8B6BA /* myfree.c */,
			);
			name = Binoc;
			sourceTree = "<group>";
		};
		41520B6813A25B79006CE4A7 /* GLUtils */ = {
			isa = PBXGroup;
			children = (
				41520B6F13A25BF6006CE4A7 /* drawInfo.m */,
				41520B7013A25BF6006CE4A7 /* drawInfo.h */,
				41520B6C13A25BD7006CE4A7 /* trackball.h */,
				41520B6D13A25BD7006CE4A7 /* trackball.c */,
				41520B6913A25BB3006CE4A7 /* GLCheck.h */,
				41520B6A13A25BB3006CE4A7 /* GLCheck.c */,
				41520B6513A25B72006CE4A7 /* GLString.m */,
				41520B6613A25B72006CE4A7 /* GLString.h */,
			);
			name = GLUtils;
			sourceTree = "<group>";
		};
		41520B7513A26D10006CE4A7 /* ObjBinoc */ = {
			isa = PBXGroup;
			children = (
			);
			name = ObjBinoc;
			sourceTree = "<group>";
		};
		419DCDF913A133B2004E8464 = {
			isa = PBXGroup;
			children = (
				419DCE0E13A133B3004E8464 /* binoclean */,
				419DCE2B13A133B3004E8464 /* binocleanTests */,
				419DCE0713A133B3004E8464 /* Frameworks */,
				419DCE0513A133B3004E8464 /* Products */,
			);
			sourceTree = "<group>";
		};
		419DCE0513A133B3004E8464 /* Products */ = {
			isa = PBXGroup;
			children = (
				419DCE0413A133B3004E8464 /* binoclean.app */,
				419DCE2513A133B3004E8464 /* binocleanTests.octest */,
			);
			name = Products;
			sourceTree = "<group>";
		};
		419DCE0713A133B3004E8464 /* Frameworks */ = {
			isa = PBXGroup;
			children = (
				41A8ED2513AA832F00C9EAAC /* nidaqmxbase */,
				41AA182A13AA7C5E009AC8E2 /* nidaqmxbaselv */,
				41BF8E3F13A1753B00C8B6BA /* OpenGL.framework */,
				419DCE0813A133B3004E8464 /* Cocoa.framework */,
				419DCE2613A133B3004E8464 /* SenTestingKit.framework */,
				419DCE0A13A133B3004E8464 /* Other Frameworks */,
			);
			name = Frameworks;
			sourceTree = "<group>";
		};
		419DCE0A13A133B3004E8464 /* Other Frameworks */ = {
			isa = PBXGroup;
			children = (
				419DCE0B13A133B3004E8464 /* AppKit.framework */,
				419DCE0C13A133B3004E8464 /* CoreData.framework */,
				419DCE0D13A133B3004E8464 /* Foundation.framework */,
			);
			name = "Other Frameworks";
			sourceTree = "<group>";
		};
		419DCE0E13A133B3004E8464 /* binoclean */ = {
			isa = PBXGroup;
			children = (
				41520B6813A25B79006CE4A7 /* GLUtils */,
				41520B5F13A258F1006CE4A7 /* Binoc */,
				419DCE1A13A133B3004E8464 /* binocleanAppDelegate.h */,
				419DCE1B13A133B3004E8464 /* binocleanAppDelegate.m */,
				419DCE1D13A133B3004E8464 /* MainMenu.xib */,
				41520B6213A259C7006CE4A7 /* MonkeyGLView.h */,
				41520B6313A259C8006CE4A7 /* MonkeyGLView.m */,
				41520B6013A25981006CE4A7 /* MonkeyWindow.xib */,
				419DCE0F13A133B3004E8464 /* Supporting Files */,
				41520B7513A26D10006CE4A7 /* ObjBinoc */,
			);
			path = binoclean;
			sourceTree = "<group>";
		};
		419DCE0F13A133B3004E8464 /* Supporting Files */ = {
			isa = PBXGroup;
			children = (
				419DCE1013A133B3004E8464 /* binoclean-Info.plist */,
				419DCE1113A133B3004E8464 /* InfoPlist.strings */,
				419DCE1413A133B3004E8464 /* main.m */,
				419DCE1613A133B3004E8464 /* binoclean-Prefix.pch */,
				419DCE1713A133B3004E8464 /* Credits.rtf */,
			);
			name = "Supporting Files";
			sourceTree = "<group>";
		};
		419DCE2B13A133B3004E8464 /* binocleanTests */ = {
			isa = PBXGroup;
			children = (
				419DCE3113A133B3004E8464 /* binocleanTests.h */,
				419DCE3313A133B3004E8464 /* binocleanTests.m */,
				419DCE2C13A133B3004E8464 /* Supporting Files */,
			);
			path = binocleanTests;
			sourceTree = "<group>";
		};
		419DCE2C13A133B3004E8464 /* Supporting Files */ = {
			isa = PBXGroup;
			children = (
				419DCE2D13A133B3004E8464 /* binocleanTests-Info.plist */,
				419DCE2E13A133B3004E8464 /* InfoPlist.strings */,
			);
			name = "Supporting Files";
			sourceTree = "<group>";
		};
/* End PBXGroup section */

/* Begin PBXNativeTarget section */
		419DCE0313A133B3004E8464 /* binoclean */ = {
			isa = PBXNativeTarget;
			buildConfigurationList = 419DCE3713A133B3004E8464 /* Build configuration list for PBXNativeTarget "binoclean" */;
			buildPhases = (
				419DCE0013A133B3004E8464 /* Sources */,
				419DCE0113A133B3004E8464 /* Frameworks */,
				419DCE0213A133B3004E8464 /* Resources */,
			);
			buildRules = (
			);
			dependencies = (
			);
			name = binoclean;
			productName = binoclean;
			productReference = 419DCE0413A133B3004E8464 /* binoclean.app */;
			productType = "com.apple.product-type.application";
		};
		419DCE2413A133B3004E8464 /* binocleanTests */ = {
			isa = PBXNativeTarget;
			buildConfigurationList = 419DCE3A13A133B3004E8464 /* Build configuration list for PBXNativeTarget "binocleanTests" */;
			buildPhases = (
				419DCE2013A133B3004E8464 /* Sources */,
				419DCE2113A133B3004E8464 /* Frameworks */,
				419DCE2213A133B3004E8464 /* Resources */,
				419DCE2313A133B3004E8464 /* ShellScript */,
			);
			buildRules = (
			);
			dependencies = (
				419DCE2A13A133B3004E8464 /* PBXTargetDependency */,
			);
			name = binocleanTests;
			productName = binocleanTests;
			productReference = 419DCE2513A133B3004E8464 /* binocleanTests.octest */;
			productType = "com.apple.product-type.bundle";
		};
/* End PBXNativeTarget section */

/* Begin PBXProject section */
		419DCDFB13A133B2004E8464 /* Project object */ = {
			isa = PBXProject;
			buildConfigurationList = 419DCDFE13A133B2004E8464 /* Build configuration list for PBXProject "binoclean" */;
			compatibilityVersion = "Xcode 3.2";
			developmentRegion = English;
			hasScannedForEncodings = 0;
			knownRegions = (
				en,
			);
			mainGroup = 419DCDF913A133B2004E8464;
			productRefGroup = 419DCE0513A133B3004E8464 /* Products */;
			projectDirPath = "";
			projectRoot = "";
			targets = (
				419DCE0313A133B3004E8464 /* binoclean */,
				419DCE2413A133B3004E8464 /* binocleanTests */,
			);
		};
/* End PBXProject section */

/* Begin PBXResourcesBuildPhase section */
		419DCE0213A133B3004E8464 /* Resources */ = {
			isa = PBXResourcesBuildPhase;
			buildActionMask = 2147483647;
			files = (
				419DCE1313A133B3004E8464 /* InfoPlist.strings in Resources */,
				419DCE1913A133B3004E8464 /* Credits.rtf in Resources */,
				419DCE1F13A133B3004E8464 /* MainMenu.xib in Resources */,
				41520B6113A25981006CE4A7 /* MonkeyWindow.xib in Resources */,
			);
			runOnlyForDeploymentPostprocessing = 0;
		};
		419DCE2213A133B3004E8464 /* Resources */ = {
			isa = PBXResourcesBuildPhase;
			buildActionMask = 2147483647;
			files = (
				419DCE3013A133B3004E8464 /* InfoPlist.strings in Resources */,
				419DCE3213A133B3004E8464 /* binocleanTests.h in Resources */,
			);
			runOnlyForDeploymentPostprocessing = 0;
		};
/* End PBXResourcesBuildPhase section */

/* Begin PBXShellScriptBuildPhase section */
		419DCE2313A133B3004E8464 /* ShellScript */ = {
			isa = PBXShellScriptBuildPhase;
			buildActionMask = 2147483647;
			files = (
			);
			inputPaths = (
			);
			outputPaths = (
			);
			runOnlyForDeploymentPostprocessing = 0;
			shellPath = /bin/sh;
			shellScript = "# Run the unit tests in this test bundle.\n\"${SYSTEM_DEVELOPER_DIR}/Tools/RunUnitTests\"\n";
		};
/* End PBXShellScriptBuildPhase section */

/* Begin PBXSourcesBuildPhase section */
		419DCE0013A133B3004E8464 /* Sources */ = {
			isa = PBXSourcesBuildPhase;
			buildActionMask = 2147483647;
			files = (
				419DCE1513A133B3004E8464 /* main.m in Sources */,
				41BF8E1F13A174FE00C8B6BA /* binoc.c in Sources */,
				419DCE1C13A133B3004E8464 /* binocleanAppDelegate.m in Sources */,
				41BF8E1E13A174FE00C8B6BA /* expop.c in Sources */,
				41BF8E2013A174FE00C8B6BA /* xrand.c in Sources */,
				41BF8E2113A174FE00C8B6BA /* wurtz.c in Sources */,
				41BF8E2213A174FE00C8B6BA /* stimulus.c in Sources */,
				41BF8E2313A174FE00C8B6BA /* stepper.c in Sources */,
				41BF8E2413A174FE00C8B6BA /* stairpop.c in Sources */,
				41BF8E2513A174FE00C8B6BA /* do_twobar.c in Sources */,
				41BF8E2613A174FE00C8B6BA /* do_sqcorrug.c in Sources */,
				41BF8E2713A174FE00C8B6BA /* do_sq.c in Sources */,
				41BF8E2813A174FE00C8B6BA /* do_sine.c in Sources */,
				41BF8E2913A174FE00C8B6BA /* do_rls.c in Sources */,
				41BF8E2A13A174FE00C8B6BA /* do_rds.c in Sources */,
				41BF8E2B13A174FE00C8B6BA /* do_radial.c in Sources */,
				41BF8E2C13A174FE00C8B6BA /* do_probe.c in Sources */,
				41BF8E2D13A174FE00C8B6BA /* do_gabor.c in Sources */,
				41BF8E2E13A174FE00C8B6BA /* do_cyl.c in Sources */,
				41BF8E2F13A174FE00C8B6BA /* do_corrug.c in Sources */,
				41BF8E3013A174FE00C8B6BA /* do_bar.c in Sources */,
				41BF8E3113A174FE00C8B6BA /* bw_io.c in Sources */,
				41BF8E3213A174FE00C8B6BA /* do_test.c in Sources */,
				41BF8E3313A174FE00C8B6BA /* do_image.c in Sources */,
				41BF8E3413A174FE00C8B6BA /* cyber.c in Sources */,
				41BF8E3613A174FE00C8B6BA /* confirm.c in Sources */,
				41BF8E3713A174FE00C8B6BA /* miscw.c in Sources */,
				41BF8E3813A174FE00C8B6BA /* useenv.c in Sources */,
				41BF8E3913A174FE00C8B6BA /* glx.c in Sources */,
				41BF8E3A13A174FE00C8B6BA /* myscopy.c in Sources */,
				41BF8E3B13A174FE00C8B6BA /* serial.c in Sources */,
				41BF8E3C13A174FE00C8B6BA /* stair.c in Sources */,
				41BF8E3D13A174FE00C8B6BA /* misc.c in Sources */,
				41BF8E3E13A174FE00C8B6BA /* myfree.c in Sources */,
				41520B6413A259C8006CE4A7 /* MonkeyGLView.m in Sources */,
				41520B6713A25B72006CE4A7 /* GLString.m in Sources */,
				41520B6B13A25BB3006CE4A7 /* GLCheck.c in Sources */,
				41520B6E13A25BD7006CE4A7 /* trackball.c in Sources */,
				41520B7113A25BF6006CE4A7 /* drawInfo.m in Sources */,
				41AA181E13AA71D7009AC8E2 /* ni_dio.c in Sources */,
			);
			runOnlyForDeploymentPostprocessing = 0;
		};
		419DCE2013A133B3004E8464 /* Sources */ = {
			isa = PBXSourcesBuildPhase;
			buildActionMask = 2147483647;
			files = (
				419DCE3413A133B3004E8464 /* binocleanTests.m in Sources */,
			);
			runOnlyForDeploymentPostprocessing = 0;
		};
/* End PBXSourcesBuildPhase section */

/* Begin PBXTargetDependency section */
		419DCE2A13A133B3004E8464 /* PBXTargetDependency */ = {
			isa = PBXTargetDependency;
			target = 419DCE0313A133B3004E8464 /* binoclean */;
			targetProxy = 419DCE2913A133B3004E8464 /* PBXContainerItemProxy */;
		};
/* End PBXTargetDependency section */

/* Begin PBXVariantGroup section */
		419DCE1113A133B3004E8464 /* InfoPlist.strings */ = {
			isa = PBXVariantGroup;
			children = (
				419DCE1213A133B3004E8464 /* en */,
			);
			name = InfoPlist.strings;
			sourceTree = "<group>";
		};
		419DCE1713A133B3004E8464 /* Credits.rtf */ = {
			isa = PBXVariantGroup;
			children = (
				419DCE1813A133B3004E8464 /* en */,
			);
			name = Credits.rtf;
			sourceTree = "<group>";
		};
		419DCE1D13A133B3004E8464 /* MainMenu.xib */ = {
			isa = PBXVariantGroup;
			children = (
				419DCE1E13A133B3004E8464 /* en */,
			);
			name = MainMenu.xib;
			sourceTree = "<group>";
		};
		419DCE2E13A133B3004E8464 /* InfoPlist.strings */ = {
			isa = PBXVariantGroup;
			children = (
				419DCE2F13A133B3004E8464 /* en */,
			);
			name = InfoPlist.strings;
			sourceTree = "<group>";
		};
/* End PBXVariantGroup section */

/* Begin XCBuildConfiguration section */
		419DCE3513A133B3004E8464 /* Debug */ = {
			isa = XCBuildConfiguration;
			buildSettings = {
				ALWAYS_SEARCH_USER_PATHS = NO;
				ARCHS = "$(ARCHS_STANDARD_32_BIT)";
				COPY_PHASE_STRIP = NO;
				GCC_C_LANGUAGE_STANDARD = gnu99;
				GCC_DYNAMIC_NO_PIC = NO;
				GCC_ENABLE_OBJC_EXCEPTIONS = YES;
				GCC_OPTIMIZATION_LEVEL = 0;
				GCC_PREPROCESSOR_DEFINITIONS = (
					"DEBUG=1",
					"$(inherited)",
				);
				"GCC_PREPROCESSOR_DEFINITIONS[arch=*]" = "NIDAQ=1";
				GCC_SYMBOLS_PRIVATE_EXTERN = NO;
				GCC_VERSION = com.apple.compilers.llvm.clang.1_0;
				GCC_WARN_64_TO_32_BIT_CONVERSION = YES;
				GCC_WARN_ABOUT_MISSING_PROTOTYPES = YES;
				GCC_WARN_ABOUT_RETURN_TYPE = YES;
				GCC_WARN_UNUSED_VARIABLE = YES;
				MACOSX_DEPLOYMENT_TARGET = 10.6;
				ONLY_ACTIVE_ARCH = YES;
				SDKROOT = macosx;
			};
			name = Debug;
		};
		419DCE3613A133B3004E8464 /* Release */ = {
			isa = XCBuildConfiguration;
			buildSettings = {
				ALWAYS_SEARCH_USER_PATHS = NO;
				ARCHS = "$(ARCHS_STANDARD_32_BIT)";
				COPY_PHASE_STRIP = YES;
				DEBUG_INFORMATION_FORMAT = "dwarf-with-dsym";
				GCC_C_LANGUAGE_STANDARD = gnu99;
				GCC_ENABLE_OBJC_EXCEPTIONS = YES;
				GCC_VERSION = com.apple.compilers.llvm.clang.1_0;
				GCC_WARN_64_TO_32_BIT_CONVERSION = YES;
				GCC_WARN_ABOUT_MISSING_PROTOTYPES = YES;
				GCC_WARN_ABOUT_RETURN_TYPE = YES;
				GCC_WARN_UNUSED_VARIABLE = YES;
				MACOSX_DEPLOYMENT_TARGET = 10.6;
				SDKROOT = macosx;
			};
			name = Release;
		};
		419DCE3813A133B3004E8464 /* Debug */ = {
			isa = XCBuildConfiguration;
			buildSettings = {
				GCC_PRECOMPILE_PREFIX_HEADER = YES;
				GCC_PREFIX_HEADER = "binoclean/binoclean-Prefix.pch";
				"GCC_PREPROCESSOR_DEFINITIONS[arch=*]" = "";
				GCC_WARN_INHIBIT_ALL_WARNINGS = YES;
				INFOPLIST_FILE = "binoclean/binoclean-Info.plist";
				LIBRARY_SEARCH_PATHS = (
					"$(inherited)",
					"\"$(LOCAL_LIBRARY_DIR)/Frameworks/nidaqmxbase.framework/Versions/3\"",
					"\"$(LOCAL_LIBRARY_DIR)/Frameworks/nidaqmxbaselv.framework/Versions/A\"",
				);
				MACOSX_DEPLOYMENT_TARGET = 10.6;
				PRODUCT_NAME = "$(TARGET_NAME)";
				WRAPPER_EXTENSION = app;
			};
			name = Debug;
		};
		419DCE3913A133B3004E8464 /* Release */ = {
			isa = XCBuildConfiguration;
			buildSettings = {
				GCC_PRECOMPILE_PREFIX_HEADER = YES;
				GCC_PREFIX_HEADER = "binoclean/binoclean-Prefix.pch";
				GCC_WARN_INHIBIT_ALL_WARNINGS = YES;
				INFOPLIST_FILE = "binoclean/binoclean-Info.plist";
				LIBRARY_SEARCH_PATHS = (
					"$(inherited)",
					"\"$(LOCAL_LIBRARY_DIR)/Frameworks/nidaqmxbase.framework/Versions/3\"",
					"\"$(LOCAL_LIBRARY_DIR)/Frameworks/nidaqmxbaselv.framework/Versions/A\"",
				);
				MACOSX_DEPLOYMENT_TARGET = 10.6;
				PRODUCT_NAME = "$(TARGET_NAME)";
				WRAPPER_EXTENSION = app;
			};
			name = Release;
		};
		419DCE3B13A133B3004E8464 /* Debug */ = {
			isa = XCBuildConfiguration;
			buildSettings = {
				BUNDLE_LOADER = "$(BUILT_PRODUCTS_DIR)/binoclean.app/Contents/MacOS/binoclean";
				FRAMEWORK_SEARCH_PATHS = "$(DEVELOPER_LIBRARY_DIR)/Frameworks";
				GCC_PRECOMPILE_PREFIX_HEADER = YES;
				GCC_PREFIX_HEADER = "binoclean/binoclean-Prefix.pch";
				INFOPLIST_FILE = "binocleanTests/binocleanTests-Info.plist";
				PRODUCT_NAME = "$(TARGET_NAME)";
				TEST_HOST = "$(BUNDLE_LOADER)";
				WRAPPER_EXTENSION = octest;
			};
			name = Debug;
		};
		419DCE3C13A133B3004E8464 /* Release */ = {
			isa = XCBuildConfiguration;
			buildSettings = {
				BUNDLE_LOADER = "$(BUILT_PRODUCTS_DIR)/binoclean.app/Contents/MacOS/binoclean";
				FRAMEWORK_SEARCH_PATHS = "$(DEVELOPER_LIBRARY_DIR)/Frameworks";
				GCC_PRECOMPILE_PREFIX_HEADER = YES;
				GCC_PREFIX_HEADER = "binoclean/binoclean-Prefix.pch";
				INFOPLIST_FILE = "binocleanTests/binocleanTests-Info.plist";
				PRODUCT_NAME = "$(TARGET_NAME)";
				TEST_HOST = "$(BUNDLE_LOADER)";
				WRAPPER_EXTENSION = octest;
			};
			name = Release;
		};
/* End XCBuildConfiguration section */

/* Begin XCConfigurationList section */
		419DCDFE13A133B2004E8464 /* Build configuration list for PBXProject "binoclean" */ = {
			isa = XCConfigurationList;
			buildConfigurations = (
				419DCE3513A133B3004E8464 /* Debug */,
				419DCE3613A133B3004E8464 /* Release */,
			);
			defaultConfigurationIsVisible = 0;
			defaultConfigurationName = Release;
		};
		419DCE3713A133B3004E8464 /* Build configuration list for PBXNativeTarget "binoclean" */ = {
			isa = XCConfigurationList;
			buildConfigurations = (
				419DCE3813A133B3004E8464 /* Debug */,
				419DCE3913A133B3004E8464 /* Release */,
			);
			defaultConfigurationIsVisible = 0;
			defaultConfigurationName = Release;
		};
		419DCE3A13A133B3004E8464 /* Build configuration list for PBXNativeTarget "binocleanTests" */ = {
			isa = XCConfigurationList;
			buildConfigurations = (
				419DCE3B13A133B3004E8464 /* Debug */,
				419DCE3C13A133B3004E8464 /* Release */,
			);
			defaultConfigurationIsVisible = 0;
			defaultConfigurationName = Release;
		};
/* End XCConfigurationList section */
	};
	rootObject = 419DCDFB13A133B2004E8464 /* Project object */;
}
